// !$*UTF8*$!
{
	archiveVersion = 1;
	classes = {
	};
	objectVersion = 46;
	objects = {

/* Begin PBXBuildFile section */
		19AB54231DD980A100DC6BE1 /* AppDelegate.swift in Sources */ = {isa = PBXBuildFile; fileRef = 19AB54221DD980A100DC6BE1 /* AppDelegate.swift */; };
		19AB54251DD980A100DC6BE1 /* ViewController.swift in Sources */ = {isa = PBXBuildFile; fileRef = 19AB54241DD980A100DC6BE1 /* ViewController.swift */; };
		19AB54281DD980A100DC6BE1 /* Main.storyboard in Resources */ = {isa = PBXBuildFile; fileRef = 19AB54261DD980A100DC6BE1 /* Main.storyboard */; };
		19AB542A1DD980A100DC6BE1 /* Assets.xcassets in Resources */ = {isa = PBXBuildFile; fileRef = 19AB54291DD980A100DC6BE1 /* Assets.xcassets */; };
		19AB542D1DD980A100DC6BE1 /* LaunchScreen.storyboard in Resources */ = {isa = PBXBuildFile; fileRef = 19AB542B1DD980A100DC6BE1 /* LaunchScreen.storyboard */; };
		19AB54381DD980A200DC6BE1 /* sampleSwiftPageViewControllerTests.swift in Sources */ = {isa = PBXBuildFile; fileRef = 19AB54371DD980A200DC6BE1 /* sampleSwiftPageViewControllerTests.swift */; };
		19AB54431DD980A200DC6BE1 /* sampleSwiftPageViewControllerUITests.swift in Sources */ = {isa = PBXBuildFile; fileRef = 19AB54421DD980A200DC6BE1 /* sampleSwiftPageViewControllerUITests.swift */; };
		19AB54511DD9819100DC6BE1 /* secondViewController.swift in Sources */ = {isa = PBXBuildFile; fileRef = 19AB54501DD9819100DC6BE1 /* secondViewController.swift */; };
		19AB54531DD981A300DC6BE1 /* thirdViewController.swift in Sources */ = {isa = PBXBuildFile; fileRef = 19AB54521DD981A300DC6BE1 /* thirdViewController.swift */; };
		19AB54551DD9826E00DC6BE1 /* PageViewController.swift in Sources */ = {isa = PBXBuildFile; fileRef = 19AB54541DD9826E00DC6BE1 /* PageViewController.swift */; };
/* End PBXBuildFile section */

/* Begin PBXContainerItemProxy section */
		19AB54341DD980A200DC6BE1 /* PBXContainerItemProxy */ = {
			isa = PBXContainerItemProxy;
			containerPortal = 19AB54171DD980A100DC6BE1 /* Project object */;
			proxyType = 1;
			remoteGlobalIDString = 19AB541E1DD980A100DC6BE1;
			remoteInfo = sampleSwiftPageViewController;
		};
		19AB543F1DD980A200DC6BE1 /* PBXContainerItemProxy */ = {
			isa = PBXContainerItemProxy;
			containerPortal = 19AB54171DD980A100DC6BE1 /* Project object */;
			proxyType = 1;
			remoteGlobalIDString = 19AB541E1DD980A100DC6BE1;
			remoteInfo = sampleSwiftPageViewController;
		};
/* End PBXContainerItemProxy section */

/* Begin PBXFileReference section */
		19AB541F1DD980A100DC6BE1 /* sampleSwiftPageViewController.app */ = {isa = PBXFileReference; explicitFileType = wrapper.application; includeInIndex = 0; path = sampleSwiftPageViewController.app; sourceTree = BUILT_PRODUCTS_DIR; };
		19AB54221DD980A100DC6BE1 /* AppDelegate.swift */ = {isa = PBXFileReference; lastKnownFileType = sourcecode.swift; path = AppDelegate.swift; sourceTree = "<group>"; };
		19AB54241DD980A100DC6BE1 /* ViewController.swift */ = {isa = PBXFileReference; lastKnownFileType = sourcecode.swift; path = ViewController.swift; sourceTree = "<group>"; };
		19AB54271DD980A100DC6BE1 /* Base */ = {isa = PBXFileReference; lastKnownFileType = file.storyboard; name = Base; path = Base.lproj/Main.storyboard; sourceTree = "<group>"; };
		19AB54291DD980A100DC6BE1 /* Assets.xcassets */ = {isa = PBXFileReference; lastKnownFileType = folder.assetcatalog; path = Assets.xcassets; sourceTree = "<group>"; };
		19AB542C1DD980A100DC6BE1 /* Base */ = {isa = PBXFileReference; lastKnownFileType = file.storyboard; name = Base; path = Base.lproj/LaunchScreen.storyboard; sourceTree = "<group>"; };
		19AB542E1DD980A100DC6BE1 /* Info.plist */ = {isa = PBXFileReference; lastKnownFileType = text.plist.xml; path = Info.plist; sourceTree = "<group>"; };
		19AB54331DD980A200DC6BE1 /* sampleSwiftPageViewControllerTests.xctest */ = {isa = PBXFileReference; explicitFileType = wrapper.cfbundle; includeInIndex = 0; path = sampleSwiftPageViewControllerTests.xctest; sourceTree = BUILT_PRODUCTS_DIR; };
		19AB54371DD980A200DC6BE1 /* sampleSwiftPageViewControllerTests.swift */ = {isa = PBXFileReference; lastKnownFileType = sourcecode.swift; path = sampleSwiftPageViewControllerTests.swift; sourceTree = "<group>"; };
		19AB54391DD980A200DC6BE1 /* Info.plist */ = {isa = PBXFileReference; lastKnownFileType = text.plist.xml; path = Info.plist; sourceTree = "<group>"; };
		19AB543E1DD980A200DC6BE1 /* sampleSwiftPageViewControllerUITests.xctest */ = {isa = PBXFileReference; explicitFileType = wrapper.cfbundle; includeInIndex = 0; path = sampleSwiftPageViewControllerUITests.xctest; sourceTree = BUILT_PRODUCTS_DIR; };
		19AB54421DD980A200DC6BE1 /* sampleSwiftPageViewControllerUITests.swift */ = {isa = PBXFileReference; lastKnownFileType = sourcecode.swift; path = sampleSwiftPageViewControllerUITests.swift; sourceTree = "<group>"; };
		19AB54441DD980A200DC6BE1 /* Info.plist */ = {isa = PBXFileReference; lastKnownFileType = text.plist.xml; path = Info.plist; sourceTree = "<group>"; };
		19AB54501DD9819100DC6BE1 /* secondViewController.swift */ = {isa = PBXFileReference; fileEncoding = 4; lastKnownFileType = sourcecode.swift; path = secondViewController.swift; sourceTree = "<group>"; };
		19AB54521DD981A300DC6BE1 /* thirdViewController.swift */ = {isa = PBXFileReference; fileEncoding = 4; lastKnownFileType = sourcecode.swift; path = thirdViewController.swift; sourceTree = "<group>"; };
		19AB54541DD9826E00DC6BE1 /* PageViewController.swift */ = {isa = PBXFileReference; fileEncoding = 4; lastKnownFileType = sourcecode.swift; path = PageViewController.swift; sourceTree = "<group>"; };
/* End PBXFileReference section */

/* Begin PBXFrameworksBuildPhase section */
		19AB541C1DD980A100DC6BE1 /* Frameworks */ = {
			isa = PBXFrameworksBuildPhase;
			buildActionMask = 2147483647;
			files = (
			);
			runOnlyForDeploymentPostprocessing = 0;
		};
		19AB54301DD980A200DC6BE1 /* Frameworks */ = {
			isa = PBXFrameworksBuildPhase;
			buildActionMask = 2147483647;
			files = (
			);
			runOnlyForDeploymentPostprocessing = 0;
		};
		19AB543B1DD980A200DC6BE1 /* Frameworks */ = {
			isa = PBXFrameworksBuildPhase;
			buildActionMask = 2147483647;
			files = (
			);
			runOnlyForDeploymentPostprocessing = 0;
		};
/* End PBXFrameworksBuildPhase section */

/* Begin PBXGroup section */
		19AB54161DD980A100DC6BE1 = {
			isa = PBXGroup;
			children = (
				19AB54211DD980A100DC6BE1 /* sampleSwiftPageViewController */,
				19AB54361DD980A200DC6BE1 /* sampleSwiftPageViewControllerTests */,
				19AB54411DD980A200DC6BE1 /* sampleSwiftPageViewControllerUITests */,
				19AB54201DD980A100DC6BE1 /* Products */,
			);
			sourceTree = "<group>";
		};
		19AB54201DD980A100DC6BE1 /* Products */ = {
			isa = PBXGroup;
			children = (
				19AB541F1DD980A100DC6BE1 /* sampleSwiftPageViewController.app */,
				19AB54331DD980A200DC6BE1 /* sampleSwiftPageViewControllerTests.xctest */,
				19AB543E1DD980A200DC6BE1 /* sampleSwiftPageViewControllerUITests.xctest */,
			);
			name = Products;
			sourceTree = "<group>";
		};
		19AB54211DD980A100DC6BE1 /* sampleSwiftPageViewController */ = {
			isa = PBXGroup;
			children = (
				19AB54221DD980A100DC6BE1 /* AppDelegate.swift */,
				19AB54241DD980A100DC6BE1 /* ViewController.swift */,
				19AB54261DD980A100DC6BE1 /* Main.storyboard */,
				19AB54291DD980A100DC6BE1 /* Assets.xcassets */,
				19AB542B1DD980A100DC6BE1 /* LaunchScreen.storyboard */,
				19AB542E1DD980A100DC6BE1 /* Info.plist */,
				19AB54501DD9819100DC6BE1 /* secondViewController.swift */,
				19AB54521DD981A300DC6BE1 /* thirdViewController.swift */,
				19AB54541DD9826E00DC6BE1 /* PageViewController.swift */,
			);
			path = sampleSwiftPageViewController;
			sourceTree = "<group>";
		};
		19AB54361DD980A200DC6BE1 /* sampleSwiftPageViewControllerTests */ = {
			isa = PBXGroup;
			children = (
				19AB54371DD980A200DC6BE1 /* sampleSwiftPageViewControllerTests.swift */,
				19AB54391DD980A200DC6BE1 /* Info.plist */,
			);
			path = sampleSwiftPageViewControllerTests;
			sourceTree = "<group>";
		};
		19AB54411DD980A200DC6BE1 /* sampleSwiftPageViewControllerUITests */ = {
			isa = PBXGroup;
			children = (
				19AB54421DD980A200DC6BE1 /* sampleSwiftPageViewControllerUITests.swift */,
				19AB54441DD980A200DC6BE1 /* Info.plist */,
			);
			path = sampleSwiftPageViewControllerUITests;
			sourceTree = "<group>";
		};
/* End PBXGroup section */

/* Begin PBXNativeTarget section */
		19AB541E1DD980A100DC6BE1 /* sampleSwiftPageViewController */ = {
			isa = PBXNativeTarget;
			buildConfigurationList = 19AB54471DD980A200DC6BE1 /* Build configuration list for PBXNativeTarget "sampleSwiftPageViewController" */;
			buildPhases = (
				19AB541B1DD980A100DC6BE1 /* Sources */,
				19AB541C1DD980A100DC6BE1 /* Frameworks */,
				19AB541D1DD980A100DC6BE1 /* Resources */,
			);
			buildRules = (
			);
			dependencies = (
			);
			name = sampleSwiftPageViewController;
			productName = sampleSwiftPageViewController;
			productReference = 19AB541F1DD980A100DC6BE1 /* sampleSwiftPageViewController.app */;
			productType = "com.apple.product-type.application";
		};
		19AB54321DD980A200DC6BE1 /* sampleSwiftPageViewControllerTests */ = {
			isa = PBXNativeTarget;
			buildConfigurationList = 19AB544A1DD980A200DC6BE1 /* Build configuration list for PBXNativeTarget "sampleSwiftPageViewControllerTests" */;
			buildPhases = (
				19AB542F1DD980A200DC6BE1 /* Sources */,
				19AB54301DD980A200DC6BE1 /* Frameworks */,
				19AB54311DD980A200DC6BE1 /* Resources */,
			);
			buildRules = (
			);
			dependencies = (
				19AB54351DD980A200DC6BE1 /* PBXTargetDependency */,
			);
			name = sampleSwiftPageViewControllerTests;
			productName = sampleSwiftPageViewControllerTests;
			productReference = 19AB54331DD980A200DC6BE1 /* sampleSwiftPageViewControllerTests.xctest */;
			productType = "com.apple.product-type.bundle.unit-test";
		};
		19AB543D1DD980A200DC6BE1 /* sampleSwiftPageViewControllerUITests */ = {
			isa = PBXNativeTarget;
			buildConfigurationList = 19AB544D1DD980A200DC6BE1 /* Build configuration list for PBXNativeTarget "sampleSwiftPageViewControllerUITests" */;
			buildPhases = (
				19AB543A1DD980A200DC6BE1 /* Sources */,
				19AB543B1DD980A200DC6BE1 /* Frameworks */,
				19AB543C1DD980A200DC6BE1 /* Resources */,
			);
			buildRules = (
			);
			dependencies = (
				19AB54401DD980A200DC6BE1 /* PBXTargetDependency */,
			);
			name = sampleSwiftPageViewControllerUITests;
			productName = sampleSwiftPageViewControllerUITests;
			productReference = 19AB543E1DD980A200DC6BE1 /* sampleSwiftPageViewControllerUITests.xctest */;
			productType = "com.apple.product-type.bundle.ui-testing";
		};
/* End PBXNativeTarget section */

/* Begin PBXProject section */
		19AB54171DD980A100DC6BE1 /* Project object */ = {
			isa = PBXProject;
			attributes = {
				LastSwiftUpdateCheck = 0810;
				LastUpgradeCheck = 0810;
				ORGANIZATIONNAME = "Eriko Ichinohe";
				TargetAttributes = {
					19AB541E1DD980A100DC6BE1 = {
						CreatedOnToolsVersion = 8.1;
						DevelopmentTeam = NF6KLZDSZ2;
						ProvisioningStyle = Automatic;
					};
					19AB54321DD980A200DC6BE1 = {
						CreatedOnToolsVersion = 8.1;
						DevelopmentTeam = NF6KLZDSZ2;
						ProvisioningStyle = Automatic;
						TestTargetID = 19AB541E1DD980A100DC6BE1;
					};
					19AB543D1DD980A200DC6BE1 = {
						CreatedOnToolsVersion = 8.1;
						DevelopmentTeam = NF6KLZDSZ2;
						ProvisioningStyle = Automatic;
						TestTargetID = 19AB541E1DD980A100DC6BE1;
					};
				};
			};
			buildConfigurationList = 19AB541A1DD980A100DC6BE1 /* Build configuration list for PBXProject "sampleSwiftPageViewController" */;
			compatibilityVersion = "Xcode 3.2";
			developmentRegion = English;
			hasScannedForEncodings = 0;
			knownRegions = (
				en,
				Base,
			);
			mainGroup = 19AB54161DD980A100DC6BE1;
			productRefGroup = 19AB54201DD980A100DC6BE1 /* Products */;
			projectDirPath = "";
			projectRoot = "";
			targets = (
				19AB541E1DD980A100DC6BE1 /* sampleSwiftPageViewController */,
				19AB54321DD980A200DC6BE1 /* sampleSwiftPageViewControllerTests */,
				19AB543D1DD980A200DC6BE1 /* sampleSwiftPageViewControllerUITests */,
			);
		};
/* End PBXProject section */

/* Begin PBXResourcesBuildPhase section */
		19AB541D1DD980A100DC6BE1 /* Resources */ = {
			isa = PBXResourcesBuildPhase;
			buildActionMask = 2147483647;
			files = (
				19AB542D1DD980A100DC6BE1 /* LaunchScreen.storyboard in Resources */,
				19AB542A1DD980A100DC6BE1 /* Assets.xcassets in Resources */,
				19AB54281DD980A100DC6BE1 /* Main.storyboard in Resources */,
			);
			runOnlyForDeploymentPostprocessing = 0;
		};
		19AB54311DD980A200DC6BE1 /* Resources */ = {
			isa = PBXResourcesBuildPhase;
			buildActionMask = 2147483647;
			files = (
			);
			runOnlyForDeploymentPostprocessing = 0;
		};
		19AB543C1DD980A200DC6BE1 /* Resources */ = {
			isa = PBXResourcesBuildPhase;
			buildActionMask = 2147483647;
			files = (
			);
			runOnlyForDeploymentPostprocessing = 0;
		};
/* End PBXResourcesBuildPhase section */

/* Begin PBXSourcesBuildPhase section */
		19AB541B1DD980A100DC6BE1 /* Sources */ = {
			isa = PBXSourcesBuildPhase;
			buildActionMask = 2147483647;
			files = (
				19AB54251DD980A100DC6BE1 /* ViewController.swift in Sources */,
				19AB54551DD9826E00DC6BE1 /* PageViewController.swift in Sources */,
				19AB54511DD9819100DC6BE1 /* secondViewController.swift in Sources */,
				19AB54531DD981A300DC6BE1 /* thirdViewController.swift in Sources */,
				19AB54231DD980A100DC6BE1 /* AppDelegate.swift in Sources */,
			);
			runOnlyForDeploymentPostprocessing = 0;
		};
		19AB542F1DD980A200DC6BE1 /* Sources */ = {
			isa = PBXSourcesBuildPhase;
			buildActionMask = 2147483647;
			files = (
				19AB54381DD980A200DC6BE1 /* sampleSwiftPageViewControllerTests.swift in Sources */,
			);
			runOnlyForDeploymentPostprocessing = 0;
		};
		19AB543A1DD980A200DC6BE1 /* Sources */ = {
			isa = PBXSourcesBuildPhase;
			buildActionMask = 2147483647;
			files = (
				19AB54431DD980A200DC6BE1 /* sampleSwiftPageViewControllerUITests.swift in Sources */,
			);
			runOnlyForDeploymentPostprocessing = 0;
		};
/* End PBXSourcesBuildPhase section */

/* Begin PBXTargetDependency section */
		19AB54351DD980A200DC6BE1 /* PBXTargetDependency */ = {
			isa = PBXTargetDependency;
			target = 19AB541E1DD980A100DC6BE1 /* sampleSwiftPageViewController */;
			targetProxy = 19AB54341DD980A200DC6BE1 /* PBXContainerItemProxy */;
		};
		19AB54401DD980A200DC6BE1 /* PBXTargetDependency */ = {
			isa = PBXTargetDependency;
			target = 19AB541E1DD980A100DC6BE1 /* sampleSwiftPageViewController */;
			targetProxy = 19AB543F1DD980A200DC6BE1 /* PBXContainerItemProxy */;
		};
/* End PBXTargetDependency section */

/* Begin PBXVariantGroup section */
		19AB54261DD980A100DC6BE1 /* Main.storyboard */ = {
			isa = PBXVariantGroup;
			children = (
				19AB54271DD980A100DC6BE1 /* Base */,
			);
			name = Main.storyboard;
			sourceTree = "<group>";
		};
		19AB542B1DD980A100DC6BE1 /* LaunchScreen.storyboard */ = {
			isa = PBXVariantGroup;
			children = (
				19AB542C1DD980A100DC6BE1 /* Base */,
			);
			name = LaunchScreen.storyboard;
			sourceTree = "<group>";
		};
/* End PBXVariantGroup section */

/* Begin XCBuildConfiguration section */
		19AB54451DD980A200DC6BE1 /* Debug */ = {
			isa = XCBuildConfiguration;
			buildSettings = {
				ALWAYS_SEARCH_USER_PATHS = NO;
				CLANG_ANALYZER_NONNULL = YES;
				CLANG_CXX_LANGUAGE_STANDARD = "gnu++0x";
				CLANG_CXX_LIBRARY = "libc++";
				CLANG_ENABLE_MODULES = YES;
				CLANG_ENABLE_OBJC_ARC = YES;
				CLANG_WARN_BOOL_CONVERSION = YES;
				CLANG_WARN_CONSTANT_CONVERSION = YES;
				CLANG_WARN_DIRECT_OBJC_ISA_USAGE = YES_ERROR;
				CLANG_WARN_DOCUMENTATION_COMMENTS = YES;
				CLANG_WARN_EMPTY_BODY = YES;
				CLANG_WARN_ENUM_CONVERSION = YES;
				CLANG_WARN_INFINITE_RECURSION = YES;
				CLANG_WARN_INT_CONVERSION = YES;
				CLANG_WARN_OBJC_ROOT_CLASS = YES_ERROR;
				CLANG_WARN_SUSPICIOUS_MOVES = YES;
				CLANG_WARN_UNREACHABLE_CODE = YES;
				CLANG_WARN__DUPLICATE_METHOD_MATCH = YES;
				"CODE_SIGN_IDENTITY[sdk=iphoneos*]" = "iPhone Developer";
				COPY_PHASE_STRIP = NO;
				DEBUG_INFORMATION_FORMAT = dwarf;
				ENABLE_STRICT_OBJC_MSGSEND = YES;
				ENABLE_TESTABILITY = YES;
				GCC_C_LANGUAGE_STANDARD = gnu99;
				GCC_DYNAMIC_NO_PIC = NO;
				GCC_NO_COMMON_BLOCKS = YES;
				GCC_OPTIMIZATION_LEVEL = 0;
				GCC_PREPROCESSOR_DEFINITIONS = (
					"DEBUG=1",
					"$(inherited)",
				);
				GCC_WARN_64_TO_32_BIT_CONVERSION = YES;
				GCC_WARN_ABOUT_RETURN_TYPE = YES_ERROR;
				GCC_WARN_UNDECLARED_SELECTOR = YES;
				GCC_WARN_UNINITIALIZED_AUTOS = YES_AGGRESSIVE;
				GCC_WARN_UNUSED_FUNCTION = YES;
				GCC_WARN_UNUSED_VARIABLE = YES;
				IPHONEOS_DEPLOYMENT_TARGET = 10.1;
				MTL_ENABLE_DEBUG_INFO = YES;
				ONLY_ACTIVE_ARCH = YES;
				SDKROOT = iphoneos;
				SWIFT_ACTIVE_COMPILATION_CONDITIONS = DEBUG;
				SWIFT_OPTIMIZATION_LEVEL = "-Onone";
				TARGETED_DEVICE_FAMILY = "1,2";
			};
			name = Debug;
		};
		19AB54461DD980A200DC6BE1 /* Release */ = {
			isa = XCBuildConfiguration;
			buildSettings = {
				ALWAYS_SEARCH_USER_PATHS = NO;
				CLANG_ANALYZER_NONNULL = YES;
				CLANG_CXX_LANGUAGE_STANDARD = "gnu++0x";
				CLANG_CXX_LIBRARY = "libc++";
				CLANG_ENABLE_MODULES = YES;
				CLANG_ENABLE_OBJC_ARC = YES;
				CLANG_WARN_BOOL_CONVERSION = YES;
				CLANG_WARN_CONSTANT_CONVERSION = YES;
				CLANG_WARN_DIRECT_OBJC_ISA_USAGE = YES_ERROR;
				CLANG_WARN_DOCUMENTATION_COMMENTS = YES;
				CLANG_WARN_EMPTY_BODY = YES;
				CLANG_WARN_ENUM_CONVERSION = YES;
				CLANG_WARN_INFINITE_RECURSION = YES;
				CLANG_WARN_INT_CONVERSION = YES;
				CLANG_WARN_OBJC_ROOT_CLASS = YES_ERROR;
				CLANG_WARN_SUSPICIOUS_MOVES = YES;
				CLANG_WARN_UNREACHABLE_CODE = YES;
				CLANG_WARN__DUPLICATE_METHOD_MATCH = YES;
				"CODE_SIGN_IDENTITY[sdk=iphoneos*]" = "iPhone Developer";
				COPY_PHASE_STRIP = NO;
				DEBUG_INFORMATION_FORMAT = "dwarf-with-dsym";
				ENABLE_NS_ASSERTIONS = NO;
				ENABLE_STRICT_OBJC_MSGSEND = YES;
				GCC_C_LANGUAGE_STANDARD = gnu99;
				GCC_NO_COMMON_BLOCKS = YES;
				GCC_WARN_64_TO_32_BIT_CONVERSION = YES;
				GCC_WARN_ABOUT_RETURN_TYPE = YES_ERROR;
				GCC_WARN_UNDECLARED_SELECTOR = YES;
				GCC_WARN_UNINITIALIZED_AUTOS = YES_AGGRESSIVE;
				GCC_WARN_UNUSED_FUNCTION = YES;
				GCC_WARN_UNUSED_VARIABLE = YES;
				IPHONEOS_DEPLOYMENT_TARGET = 10.1;
				MTL_ENABLE_DEBUG_INFO = NO;
				SDKROOT = iphoneos;
				SWIFT_OPTIMIZATION_LEVEL = "-Owholemodule";
				TARGETED_DEVICE_FAMILY = "1,2";
				VALIDATE_PRODUCT = YES;
			};
			name = Release;
		};
		19AB54481DD980A200DC6BE1 /* Debug */ = {
			isa = XCBuildConfiguration;
			buildSettings = {
				ASSETCATALOG_COMPILER_APPICON_NAME = AppIcon;
				DEVELOPMENT_TEAM = NF6KLZDSZ2;
				INFOPLIST_FILE = sampleSwiftPageViewController/Info.plist;
				LD_RUNPATH_SEARCH_PATHS = "$(inherited) @executable_path/Frameworks";
				PRODUCT_BUNDLE_IDENTIFIER = com.erikoichinohe.sampleSwiftPageViewController;
				PRODUCT_NAME = "$(TARGET_NAME)";
				SWIFT_VERSION = 3.0;
			};
			name = Debug;
		};
		19AB54491DD980A200DC6BE1 /* Release */ = {
			isa = XCBuildConfiguration;
			buildSettings = {
				ASSETCATALOG_COMPILER_APPICON_NAME = AppIcon;
				DEVELOPMENT_TEAM = NF6KLZDSZ2;
				INFOPLIST_FILE = sampleSwiftPageViewController/Info.plist;
				LD_RUNPATH_SEARCH_PATHS = "$(inherited) @executable_path/Frameworks";
				PRODUCT_BUNDLE_IDENTIFIER = com.erikoichinohe.sampleSwiftPageViewController;
				PRODUCT_NAME = "$(TARGET_NAME)";
				SWIFT_VERSION = 3.0;
			};
			name = Release;
		};
		19AB544B1DD980A200DC6BE1 /* Debug */ = {
			isa = XCBuildConfiguration;
			buildSettings = {
				ALWAYS_EMBED_SWIFT_STANDARD_LIBRARIES = YES;
				BUNDLE_LOADER = "$(TEST_HOST)";
				DEVELOPMENT_TEAM = NF6KLZDSZ2;
				INFOPLIST_FILE = sampleSwiftPageViewControllerTests/Info.plist;
				LD_RUNPATH_SEARCH_PATHS = "$(inherited) @executable_path/Frameworks @loader_path/Frameworks";
				PRODUCT_BUNDLE_IDENTIFIER = com.erikoichinohe.sampleSwiftPageViewControllerTests;
				PRODUCT_NAME = "$(TARGET_NAME)";
				SWIFT_VERSION = 3.0;
				TEST_HOST = "$(BUILT_PRODUCTS_DIR)/sampleSwiftPageViewController.app/sampleSwiftPageViewController";
			};
			name = Debug;
		};
		19AB544C1DD980A200DC6BE1 /* Release */ = {
			isa = XCBuildConfiguration;
			buildSettings = {
				ALWAYS_EMBED_SWIFT_STANDARD_LIBRARIES = YES;
				BUNDLE_LOADER = "$(TEST_HOST)";
				DEVELOPMENT_TEAM = NF6KLZDSZ2;
				INFOPLIST_FILE = sampleSwiftPageViewControllerTests/Info.plist;
				LD_RUNPATH_SEARCH_PATHS = "$(inherited) @executable_path/Frameworks @loader_path/Frameworks";
				PRODUCT_BUNDLE_IDENTIFIER = com.erikoichinohe.sampleSwiftPageViewControllerTests;
				PRODUCT_NAME = "$(TARGET_NAME)";
				SWIFT_VERSION = 3.0;
				TEST_HOST = "$(BUILT_PRODUCTS_DIR)/sampleSwiftPageViewController.app/sampleSwiftPageViewController";
			};
			name = Release;
		};
		19AB544E1DD980A200DC6BE1 /* Debug */ = {
			isa = XCBuildConfiguration;
			buildSettings = {
				ALWAYS_EMBED_SWIFT_STANDARD_LIBRARIES = YES;
				DEVELOPMENT_TEAM = NF6KLZDSZ2;
				INFOPLIST_FILE = sampleSwiftPageViewControllerUITests/Info.plist;
				LD_RUNPATH_SEARCH_PATHS = "$(inherited) @executable_path/Frameworks @loader_path/Frameworks";
				PRODUCT_BUNDLE_IDENTIFIER = com.erikoichinohe.sampleSwiftPageViewControllerUITests;
				PRODUCT_NAME = "$(TARGET_NAME)";
				SWIFT_VERSION = 3.0;
				TEST_TARGET_NAME = sampleSwiftPageViewController;
			};
			name = Debug;
		};
		19AB544F1DD980A200DC6BE1 /* Release */ = {
			isa = XCBuildConfiguration;
			buildSettings = {
				ALWAYS_EMBED_SWIFT_STANDARD_LIBRARIES = YES;
				DEVELOPMENT_TEAM = NF6KLZDSZ2;
				INFOPLIST_FILE = sampleSwiftPageViewControllerUITests/Info.plist;
				LD_RUNPATH_SEARCH_PATHS = "$(inherited) @executable_path/Frameworks @loader_path/Frameworks";
				PRODUCT_BUNDLE_IDENTIFIER = com.erikoichinohe.sampleSwiftPageViewControllerUITests;
				PRODUCT_NAME = "$(TARGET_NAME)";
				SWIFT_VERSION = 3.0;
				TEST_TARGET_NAME = sampleSwiftPageViewController;
			};
			name = Release;
		};
/* End XCBuildConfiguration section */

/* Begin XCConfigurationList section */
		19AB541A1DD980A100DC6BE1 /* Build configuration list for PBXProject "sampleSwiftPageViewController" */ = {
			isa = XCConfigurationList;
			buildConfigurations = (
				19AB54451DD980A200DC6BE1 /* Debug */,
				19AB54461DD980A200DC6BE1 /* Release */,
			);
			defaultConfigurationIsVisible = 0;
			defaultConfigurationName = Release;
		};
		19AB54471DD980A200DC6BE1 /* Build configuration list for PBXNativeTarget "sampleSwiftPageViewController" */ = {
			isa = XCConfigurationList;
			buildConfigurations = (
				19AB54481DD980A200DC6BE1 /* Debug */,
				19AB54491DD980A200DC6BE1 /* Release */,
			);
			defaultConfigurationIsVisible = 0;
		};
		19AB544A1DD980A200DC6BE1 /* Build configuration list for PBXNativeTarget "sampleSwiftPageViewControllerTests" */ = {
			isa = XCConfigurationList;
			buildConfigurations = (
				19AB544B1DD980A200DC6BE1 /* Debug */,
				19AB544C1DD980A200DC6BE1 /* Release */,
			);
			defaultConfigurationIsVisible = 0;
		};
		19AB544D1DD980A200DC6BE1 /* Build configuration list for PBXNativeTarget "sampleSwiftPageViewControllerUITests" */ = {
			isa = XCConfigurationList;
			buildConfigurations = (
				19AB544E1DD980A200DC6BE1 /* Debug */,
				19AB544F1DD980A200DC6BE1 /* Release */,
			);
			defaultConfigurationIsVisible = 0;
		};
/* End XCConfigurationList section */
	};
	rootObject = 19AB54171DD980A100DC6BE1 /* Project object */;
}
